// !$*UTF8*$!
{
	archiveVersion = 1;
	classes = {
	};
	objectVersion = 46;
	objects = {

/* Begin PBXBuildFile section */
		90FB541F19E17A3A00163C4E /* AppDelegate.swift in Sources */ = {isa = PBXBuildFile; fileRef = 90FB541E19E17A3A00163C4E /* AppDelegate.swift */; };
		90FB542119E17A3A00163C4E /* ViewController.swift in Sources */ = {isa = PBXBuildFile; fileRef = 90FB542019E17A3A00163C4E /* ViewController.swift */; };
		90FB542419E17A3A00163C4E /* Main.storyboard in Resources */ = {isa = PBXBuildFile; fileRef = 90FB542219E17A3A00163C4E /* Main.storyboard */; };
		90FB542619E17A3A00163C4E /* Images.xcassets in Resources */ = {isa = PBXBuildFile; fileRef = 90FB542519E17A3A00163C4E /* Images.xcassets */; };
		90FB542919E17A3A00163C4E /* LaunchScreen.xib in Resources */ = {isa = PBXBuildFile; fileRef = 90FB542719E17A3A00163C4E /* LaunchScreen.xib */; };
		90FB543519E17A3A00163C4E /* TaskItTests.swift in Sources */ = {isa = PBXBuildFile; fileRef = 90FB543419E17A3A00163C4E /* TaskItTests.swift */; };
/* End PBXBuildFile section */

/* Begin PBXContainerItemProxy section */
		90FB542F19E17A3A00163C4E /* PBXContainerItemProxy */ = {
			isa = PBXContainerItemProxy;
			containerPortal = 90FB541119E17A3A00163C4E /* Project object */;
			proxyType = 1;
			remoteGlobalIDString = 90FB541819E17A3A00163C4E;
			remoteInfo = TaskIt;
		};
/* End PBXContainerItemProxy section */

/* Begin PBXFileReference section */
		90FB541919E17A3A00163C4E /* TaskIt.app */ = {isa = PBXFileReference; explicitFileType = wrapper.application; includeInIndex = 0; path = TaskIt.app; sourceTree = BUILT_PRODUCTS_DIR; };
		90FB541D19E17A3A00163C4E /* Info.plist */ = {isa = PBXFileReference; lastKnownFileType = text.plist.xml; path = Info.plist; sourceTree = "<group>"; };
		90FB541E19E17A3A00163C4E /* AppDelegate.swift */ = {isa = PBXFileReference; lastKnownFileType = sourcecode.swift; path = AppDelegate.swift; sourceTree = "<group>"; };
		90FB542019E17A3A00163C4E /* ViewController.swift */ = {isa = PBXFileReference; lastKnownFileType = sourcecode.swift; path = ViewController.swift; sourceTree = "<group>"; };
		90FB542319E17A3A00163C4E /* Base */ = {isa = PBXFileReference; lastKnownFileType = file.storyboard; name = Base; path = Base.lproj/Main.storyboard; sourceTree = "<group>"; };
		90FB542519E17A3A00163C4E /* Images.xcassets */ = {isa = PBXFileReference; lastKnownFileType = folder.assetcatalog; path = Images.xcassets; sourceTree = "<group>"; };
		90FB542819E17A3A00163C4E /* Base */ = {isa = PBXFileReference; lastKnownFileType = file.xib; name = Base; path = Base.lproj/LaunchScreen.xib; sourceTree = "<group>"; };
		90FB542E19E17A3A00163C4E /* TaskItTests.xctest */ = {isa = PBXFileReference; explicitFileType = wrapper.cfbundle; includeInIndex = 0; path = TaskItTests.xctest; sourceTree = BUILT_PRODUCTS_DIR; };
		90FB543319E17A3A00163C4E /* Info.plist */ = {isa = PBXFileReference; lastKnownFileType = text.plist.xml; path = Info.plist; sourceTree = "<group>"; };
		90FB543419E17A3A00163C4E /* TaskItTests.swift */ = {isa = PBXFileReference; lastKnownFileType = sourcecode.swift; path = TaskItTests.swift; sourceTree = "<group>"; };
/* End PBXFileReference section */

/* Begin PBXFrameworksBuildPhase section */
		90FB541619E17A3A00163C4E /* Frameworks */ = {
			isa = PBXFrameworksBuildPhase;
			buildActionMask = 2147483647;
			files = (
			);
			runOnlyForDeploymentPostprocessing = 0;
		};
		90FB542B19E17A3A00163C4E /* Frameworks */ = {
			isa = PBXFrameworksBuildPhase;
			buildActionMask = 2147483647;
			files = (
			);
			runOnlyForDeploymentPostprocessing = 0;
		};
/* End PBXFrameworksBuildPhase section */

/* Begin PBXGroup section */
		90FB541019E17A3A00163C4E = {
			isa = PBXGroup;
			children = (
				90FB541B19E17A3A00163C4E /* TaskIt */,
				90FB543119E17A3A00163C4E /* TaskItTests */,
				90FB541A19E17A3A00163C4E /* Products */,
			);
			sourceTree = "<group>";
		};
		90FB541A19E17A3A00163C4E /* Products */ = {
			isa = PBXGroup;
			children = (
				90FB541919E17A3A00163C4E /* TaskIt.app */,
				90FB542E19E17A3A00163C4E /* TaskItTests.xctest */,
			);
			name = Products;
			sourceTree = "<group>";
		};
		90FB541B19E17A3A00163C4E /* TaskIt */ = {
			isa = PBXGroup;
			children = (
				90FB541E19E17A3A00163C4E /* AppDelegate.swift */,
				90FB542019E17A3A00163C4E /* ViewController.swift */,
				90FB542219E17A3A00163C4E /* Main.storyboard */,
				90FB542519E17A3A00163C4E /* Images.xcassets */,
				90FB542719E17A3A00163C4E /* LaunchScreen.xib */,
				90FB541C19E17A3A00163C4E /* Supporting Files */,
			);
			path = TaskIt;
			sourceTree = "<group>";
		};
		90FB541C19E17A3A00163C4E /* Supporting Files */ = {
			isa = PBXGroup;
			children = (
				90FB541D19E17A3A00163C4E /* Info.plist */,
			);
			name = "Supporting Files";
			sourceTree = "<group>";
		};
		90FB543119E17A3A00163C4E /* TaskItTests */ = {
			isa = PBXGroup;
			children = (
				90FB543419E17A3A00163C4E /* TaskItTests.swift */,
				90FB543219E17A3A00163C4E /* Supporting Files */,
			);
			path = TaskItTests;
			sourceTree = "<group>";
		};
		90FB543219E17A3A00163C4E /* Supporting Files */ = {
			isa = PBXGroup;
			children = (
				90FB543319E17A3A00163C4E /* Info.plist */,
			);
			name = "Supporting Files";
			sourceTree = "<group>";
		};
/* End PBXGroup section */

/* Begin PBXNativeTarget section */
		90FB541819E17A3A00163C4E /* TaskIt */ = {
			isa = PBXNativeTarget;
			buildConfigurationList = 90FB543819E17A3A00163C4E /* Build configuration list for PBXNativeTarget "TaskIt" */;
			buildPhases = (
				90FB541519E17A3A00163C4E /* Sources */,
				90FB541619E17A3A00163C4E /* Frameworks */,
				90FB541719E17A3A00163C4E /* Resources */,
			);
			buildRules = (
			);
			dependencies = (
			);
			name = TaskIt;
			productName = TaskIt;
			productReference = 90FB541919E17A3A00163C4E /* TaskIt.app */;
			productType = "com.apple.product-type.application";
		};
		90FB542D19E17A3A00163C4E /* TaskItTests */ = {
			isa = PBXNativeTarget;
			buildConfigurationList = 90FB543B19E17A3A00163C4E /* Build configuration list for PBXNativeTarget "TaskItTests" */;
			buildPhases = (
				90FB542A19E17A3A00163C4E /* Sources */,
				90FB542B19E17A3A00163C4E /* Frameworks */,
				90FB542C19E17A3A00163C4E /* Resources */,
			);
			buildRules = (
			);
			dependencies = (
				90FB543019E17A3A00163C4E /* PBXTargetDependency */,
			);
			name = TaskItTests;
			productName = TaskItTests;
			productReference = 90FB542E19E17A3A00163C4E /* TaskItTests.xctest */;
			productType = "com.apple.product-type.bundle.unit-test";
		};
/* End PBXNativeTarget section */

/* Begin PBXProject section */
		90FB541119E17A3A00163C4E /* Project object */ = {
			isa = PBXProject;
			attributes = {
				LastUpgradeCheck = 0600;
				ORGANIZATIONNAME = "Orestis Salinger";
				TargetAttributes = {
					90FB541819E17A3A00163C4E = {
						CreatedOnToolsVersion = 6.0.1;
					};
					90FB542D19E17A3A00163C4E = {
						CreatedOnToolsVersion = 6.0.1;
						TestTargetID = 90FB541819E17A3A00163C4E;
					};
				};
			};
			buildConfigurationList = 90FB541419E17A3A00163C4E /* Build configuration list for PBXProject "TaskIt" */;
			compatibilityVersion = "Xcode 3.2";
			developmentRegion = English;
			hasScannedForEncodings = 0;
			knownRegions = (
				en,
				Base,
			);
			mainGroup = 90FB541019E17A3A00163C4E;
			productRefGroup = 90FB541A19E17A3A00163C4E /* Products */;
			projectDirPath = "";
			projectRoot = "";
			targets = (
				90FB541819E17A3A00163C4E /* TaskIt */,
				90FB542D19E17A3A00163C4E /* TaskItTests */,
			);
		};
/* End PBXProject section */

/* Begin PBXResourcesBuildPhase section */
		90FB541719E17A3A00163C4E /* Resources */ = {
			isa = PBXResourcesBuildPhase;
			buildActionMask = 2147483647;
			files = (
				90FB542419E17A3A00163C4E /* Main.storyboard in Resources */,
				90FB542919E17A3A00163C4E /* LaunchScreen.xib in Resources */,
				90FB542619E17A3A00163C4E /* Images.xcassets in Resources */,
			);
			runOnlyForDeploymentPostprocessing = 0;
		};
		90FB542C19E17A3A00163C4E /* Resources */ = {
			isa = PBXResourcesBuildPhase;
			buildActionMask = 2147483647;
			files = (
			);
			runOnlyForDeploymentPostprocessing = 0;
		};
/* End PBXResourcesBuildPhase section */

/* Begin PBXSourcesBuildPhase section */
		90FB541519E17A3A00163C4E /* Sources */ = {
			isa = PBXSourcesBuildPhase;
			buildActionMask = 2147483647;
			files = (
				90FB542119E17A3A00163C4E /* ViewController.swift in Sources */,
				90FB541F19E17A3A00163C4E /* AppDelegate.swift in Sources */,
			);
			runOnlyForDeploymentPostprocessing = 0;
		};
		90FB542A19E17A3A00163C4E /* Sources */ = {
			isa = PBXSourcesBuildPhase;
			buildActionMask = 2147483647;
			files = (
				90FB543519E17A3A00163C4E /* TaskItTests.swift in Sources */,
			);
			runOnlyForDeploymentPostprocessing = 0;
		};
/* End PBXSourcesBuildPhase section */

/* Begin PBXTargetDependency section */
		90FB543019E17A3A00163C4E /* PBXTargetDependency */ = {
			isa = PBXTargetDependency;
			target = 90FB541819E17A3A00163C4E /* TaskIt */;
			targetProxy = 90FB542F19E17A3A00163C4E /* PBXContainerItemProxy */;
		};
/* End PBXTargetDependency section */

/* Begin PBXVariantGroup section */
		90FB542219E17A3A00163C4E /* Main.storyboard */ = {
			isa = PBXVariantGroup;
			children = (
				90FB542319E17A3A00163C4E /* Base */,
			);
			name = Main.storyboard;
			sourceTree = "<group>";
		};
		90FB542719E17A3A00163C4E /* LaunchScreen.xib */ = {
			isa = PBXVariantGroup;
			children = (
				90FB542819E17A3A00163C4E /* Base */,
			);
			name = LaunchScreen.xib;
			sourceTree = "<group>";
		};
/* End PBXVariantGroup section */

/* Begin XCBuildConfiguration section */
		90FB543619E17A3A00163C4E /* Debug */ = {
			isa = XCBuildConfiguration;
			buildSettings = {
				ALWAYS_SEARCH_USER_PATHS = NO;
				CLANG_CXX_LANGUAGE_STANDARD = "gnu++0x";
				CLANG_CXX_LIBRARY = "libc++";
				CLANG_ENABLE_MODULES = YES;
				CLANG_ENABLE_OBJC_ARC = YES;
				CLANG_WARN_BOOL_CONVERSION = YES;
				CLANG_WARN_CONSTANT_CONVERSION = YES;
				CLANG_WARN_DIRECT_OBJC_ISA_USAGE = YES_ERROR;
				CLANG_WARN_EMPTY_BODY = YES;
				CLANG_WARN_ENUM_CONVERSION = YES;
				CLANG_WARN_INT_CONVERSION = YES;
				CLANG_WARN_OBJC_ROOT_CLASS = YES_ERROR;
				CLANG_WARN_UNREACHABLE_CODE = YES;
				CLANG_WARN__DUPLICATE_METHOD_MATCH = YES;
				"CODE_SIGN_IDENTITY[sdk=iphoneos*]" = "iPhone Developer";
				COPY_PHASE_STRIP = NO;
				ENABLE_STRICT_OBJC_MSGSEND = YES;
				GCC_C_LANGUAGE_STANDARD = gnu99;
				GCC_DYNAMIC_NO_PIC = NO;
				GCC_OPTIMIZATION_LEVEL = 0;
				GCC_PREPROCESSOR_DEFINITIONS = (
					"DEBUG=1",
					"$(inherited)",
				);
				GCC_SYMBOLS_PRIVATE_EXTERN = NO;
				GCC_WARN_64_TO_32_BIT_CONVERSION = YES;
				GCC_WARN_ABOUT_RETURN_TYPE = YES_ERROR;
				GCC_WARN_UNDECLARED_SELECTOR = YES;
				GCC_WARN_UNINITIALIZED_AUTOS = YES_AGGRESSIVE;
				GCC_WARN_UNUSED_FUNCTION = YES;
				GCC_WARN_UNUSED_VARIABLE = YES;
				IPHONEOS_DEPLOYMENT_TARGET = 8.0;
				MTL_ENABLE_DEBUG_INFO = YES;
				ONLY_ACTIVE_ARCH = YES;
				SDKROOT = iphoneos;
				SWIFT_OPTIMIZATION_LEVEL = "-Onone";
				TARGETED_DEVICE_FAMILY = "1,2";
			};
			name = Debug;
		};
		90FB543719E17A3A00163C4E /* Release */ = {
			isa = XCBuildConfiguration;
			buildSettings = {
				ALWAYS_SEARCH_USER_PATHS = NO;
				CLANG_CXX_LANGUAGE_STANDARD = "gnu++0x";
				CLANG_CXX_LIBRARY = "libc++";
				CLANG_ENABLE_MODULES = YES;
				CLANG_ENABLE_OBJC_ARC = YES;
				CLANG_WARN_BOOL_CONVERSION = YES;
				CLANG_WARN_CONSTANT_CONVERSION = YES;
				CLANG_WARN_DIRECT_OBJC_ISA_USAGE = YES_ERROR;
				CLANG_WARN_EMPTY_BODY = YES;
				CLANG_WARN_ENUM_CONVERSION = YES;
				CLANG_WARN_INT_CONVERSION = YES;
				CLANG_WARN_OBJC_ROOT_CLASS = YES_ERROR;
				CLANG_WARN_UNREACHABLE_CODE = YES;
				CLANG_WARN__DUPLICATE_METHOD_MATCH = YES;
				"CODE_SIGN_IDENTITY[sdk=iphoneos*]" = "iPhone Developer";
				COPY_PHASE_STRIP = YES;
				ENABLE_NS_ASSERTIONS = NO;
				ENABLE_STRICT_OBJC_MSGSEND = YES;
				GCC_C_LANGUAGE_STANDARD = gnu99;
				GCC_WARN_64_TO_32_BIT_CONVERSION = YES;
				GCC_WARN_ABOUT_RETURN_TYPE = YES_ERROR;
				GCC_WARN_UNDECLARED_SELECTOR = YES;
				GCC_WARN_UNINITIALIZED_AUTOS = YES_AGGRESSIVE;
				GCC_WARN_UNUSED_FUNCTION = YES;
				GCC_WARN_UNUSED_VARIABLE = YES;
				IPHONEOS_DEPLOYMENT_TARGET = 8.0;
				MTL_ENABLE_DEBUG_INFO = NO;
				SDKROOT = iphoneos;
				TARGETED_DEVICE_FAMILY = "1,2";
				VALIDATE_PRODUCT = YES;
			};
			name = Release;
		};
		90FB543919E17A3A00163C4E /* Debug */ = {
			isa = XCBuildConfiguration;
			buildSettings = {
				ASSETCATALOG_COMPILER_APPICON_NAME = AppIcon;
				INFOPLIST_FILE = TaskIt/Info.plist;
				LD_RUNPATH_SEARCH_PATHS = "$(inherited) @executable_path/Frameworks";
				PRODUCT_NAME = "$(TARGET_NAME)";
			};
			name = Debug;
		};
		90FB543A19E17A3A00163C4E /* Release */ = {
			isa = XCBuildConfiguration;
			buildSettings = {
				ASSETCATALOG_COMPILER_APPICON_NAME = AppIcon;
				INFOPLIST_FILE = TaskIt/Info.plist;
				LD_RUNPATH_SEARCH_PATHS = "$(inherited) @executable_path/Frameworks";
				PRODUCT_NAME = "$(TARGET_NAME)";
			};
			name = Release;
		};
		90FB543C19E17A3A00163C4E /* Debug */ = {
			isa = XCBuildConfiguration;
			buildSettings = {
				BUNDLE_LOADER = "$(TEST_HOST)";
				FRAMEWORK_SEARCH_PATHS = (
					"$(SDKROOT)/Developer/Library/Frameworks",
					"$(inherited)",
				);
				GCC_PREPROCESSOR_DEFINITIONS = (
					"DEBUG=1",
					"$(inherited)",
				);
				INFOPLIST_FILE = TaskItTests/Info.plist;
				LD_RUNPATH_SEARCH_PATHS = "$(inherited) @executable_path/Frameworks @loader_path/Frameworks";
				PRODUCT_NAME = "$(TARGET_NAME)";
				TEST_HOST = "$(BUILT_PRODUCTS_DIR)/TaskIt.app/TaskIt";
			};
			name = Debug;
		};
		90FB543D19E17A3A00163C4E /* Release */ = {
			isa = XCBuildConfiguration;
			buildSettings = {
				BUNDLE_LOADER = "$(TEST_HOST)";
				FRAMEWORK_SEARCH_PATHS = (
					"$(SDKROOT)/Developer/Library/Frameworks",
					"$(inherited)",
				);
				INFOPLIST_FILE = TaskItTests/Info.plist;
				LD_RUNPATH_SEARCH_PATHS = "$(inherited) @executable_path/Frameworks @loader_path/Frameworks";
				PRODUCT_NAME = "$(TARGET_NAME)";
				TEST_HOST = "$(BUILT_PRODUCTS_DIR)/TaskIt.app/TaskIt";
			};
			name = Release;
		};
/* End XCBuildConfiguration section */

/* Begin XCConfigurationList section */
		90FB541419E17A3A00163C4E /* Build configuration list for PBXProject "TaskIt" */ = {
			isa = XCConfigurationList;
			buildConfigurations = (
				90FB543619E17A3A00163C4E /* Debug */,
				90FB543719E17A3A00163C4E /* Release */,
			);
			defaultConfigurationIsVisible = 0;
			defaultConfigurationName = Release;
		};
		90FB543819E17A3A00163C4E /* Build configuration list for PBXNativeTarget "TaskIt" */ = {
			isa = XCConfigurationList;
			buildConfigurations = (
				90FB543919E17A3A00163C4E /* Debug */,
				90FB543A19E17A3A00163C4E /* Release */,
			);
			defaultConfigurationIsVisible = 0;
		};
		90FB543B19E17A3A00163C4E /* Build configuration list for PBXNativeTarget "TaskItTests" */ = {
			isa = XCConfigurationList;
			buildConfigurations = (
				90FB543C19E17A3A00163C4E /* Debug */,
				90FB543D19E17A3A00163C4E /* Release */,
			);
			defaultConfigurationIsVisible = 0;
		};
/* End XCConfigurationList section */
	};
	rootObject = 90FB541119E17A3A00163C4E /* Project object */;
}
