// !$*UTF8*$!
{
	archiveVersion = 1;
	classes = {
	};
	objectVersion = 46;
	objects = {

/* Begin PBXBuildFile section */
		90FB53B119E1595100163C4E /* AppDelegate.swift in Sources */ = {isa = PBXBuildFile; fileRef = 90FB53B019E1595100163C4E /* AppDelegate.swift */; };
		90FB53B419E1595100163C4E /* _9_Red_Balloons.xcdatamodeld in Sources */ = {isa = PBXBuildFile; fileRef = 90FB53B219E1595100163C4E /* _9_Red_Balloons.xcdatamodeld */; };
		90FB53B619E1595100163C4E /* ViewController.swift in Sources */ = {isa = PBXBuildFile; fileRef = 90FB53B519E1595100163C4E /* ViewController.swift */; };
		90FB53B919E1595100163C4E /* Main.storyboard in Resources */ = {isa = PBXBuildFile; fileRef = 90FB53B719E1595100163C4E /* Main.storyboard */; };
		90FB53BB19E1595100163C4E /* Images.xcassets in Resources */ = {isa = PBXBuildFile; fileRef = 90FB53BA19E1595100163C4E /* Images.xcassets */; };
		90FB53BE19E1595100163C4E /* LaunchScreen.xib in Resources */ = {isa = PBXBuildFile; fileRef = 90FB53BC19E1595100163C4E /* LaunchScreen.xib */; };
		90FB53CA19E1595100163C4E /* _9_Red_BalloonsTests.swift in Sources */ = {isa = PBXBuildFile; fileRef = 90FB53C919E1595100163C4E /* _9_Red_BalloonsTests.swift */; };
/* End PBXBuildFile section */

/* Begin PBXContainerItemProxy section */
		90FB53C419E1595100163C4E /* PBXContainerItemProxy */ = {
			isa = PBXContainerItemProxy;
			containerPortal = 90FB53A319E1595100163C4E /* Project object */;
			proxyType = 1;
			remoteGlobalIDString = 90FB53AA19E1595100163C4E;
			remoteInfo = "99 Red Balloons";
		};
/* End PBXContainerItemProxy section */

/* Begin PBXFileReference section */
		90FB53AB19E1595100163C4E /* 99 Red Balloons.app */ = {isa = PBXFileReference; explicitFileType = wrapper.application; includeInIndex = 0; path = "99 Red Balloons.app"; sourceTree = BUILT_PRODUCTS_DIR; };
		90FB53AF19E1595100163C4E /* Info.plist */ = {isa = PBXFileReference; lastKnownFileType = text.plist.xml; path = Info.plist; sourceTree = "<group>"; };
		90FB53B019E1595100163C4E /* AppDelegate.swift */ = {isa = PBXFileReference; lastKnownFileType = sourcecode.swift; path = AppDelegate.swift; sourceTree = "<group>"; };
		90FB53B319E1595100163C4E /* _9_Red_Balloons.xcdatamodel */ = {isa = PBXFileReference; lastKnownFileType = wrapper.xcdatamodel; path = _9_Red_Balloons.xcdatamodel; sourceTree = "<group>"; };
		90FB53B519E1595100163C4E /* ViewController.swift */ = {isa = PBXFileReference; lastKnownFileType = sourcecode.swift; path = ViewController.swift; sourceTree = "<group>"; };
		90FB53B819E1595100163C4E /* Base */ = {isa = PBXFileReference; lastKnownFileType = file.storyboard; name = Base; path = Base.lproj/Main.storyboard; sourceTree = "<group>"; };
		90FB53BA19E1595100163C4E /* Images.xcassets */ = {isa = PBXFileReference; lastKnownFileType = folder.assetcatalog; path = Images.xcassets; sourceTree = "<group>"; };
		90FB53BD19E1595100163C4E /* Base */ = {isa = PBXFileReference; lastKnownFileType = file.xib; name = Base; path = Base.lproj/LaunchScreen.xib; sourceTree = "<group>"; };
		90FB53C319E1595100163C4E /* 99 Red BalloonsTests.xctest */ = {isa = PBXFileReference; explicitFileType = wrapper.cfbundle; includeInIndex = 0; path = "99 Red BalloonsTests.xctest"; sourceTree = BUILT_PRODUCTS_DIR; };
		90FB53C819E1595100163C4E /* Info.plist */ = {isa = PBXFileReference; lastKnownFileType = text.plist.xml; path = Info.plist; sourceTree = "<group>"; };
		90FB53C919E1595100163C4E /* _9_Red_BalloonsTests.swift */ = {isa = PBXFileReference; lastKnownFileType = sourcecode.swift; path = _9_Red_BalloonsTests.swift; sourceTree = "<group>"; };
/* End PBXFileReference section */

/* Begin PBXFrameworksBuildPhase section */
		90FB53A819E1595100163C4E /* Frameworks */ = {
			isa = PBXFrameworksBuildPhase;
			buildActionMask = 2147483647;
			files = (
			);
			runOnlyForDeploymentPostprocessing = 0;
		};
		90FB53C019E1595100163C4E /* Frameworks */ = {
			isa = PBXFrameworksBuildPhase;
			buildActionMask = 2147483647;
			files = (
			);
			runOnlyForDeploymentPostprocessing = 0;
		};
/* End PBXFrameworksBuildPhase section */

/* Begin PBXGroup section */
		90FB53A219E1595100163C4E = {
			isa = PBXGroup;
			children = (
				90FB53AD19E1595100163C4E /* 99 Red Balloons */,
				90FB53C619E1595100163C4E /* 99 Red BalloonsTests */,
				90FB53AC19E1595100163C4E /* Products */,
			);
			sourceTree = "<group>";
		};
		90FB53AC19E1595100163C4E /* Products */ = {
			isa = PBXGroup;
			children = (
				90FB53AB19E1595100163C4E /* 99 Red Balloons.app */,
				90FB53C319E1595100163C4E /* 99 Red BalloonsTests.xctest */,
			);
			name = Products;
			sourceTree = "<group>";
		};
		90FB53AD19E1595100163C4E /* 99 Red Balloons */ = {
			isa = PBXGroup;
			children = (
				90FB53B019E1595100163C4E /* AppDelegate.swift */,
				90FB53B519E1595100163C4E /* ViewController.swift */,
				90FB53B719E1595100163C4E /* Main.storyboard */,
				90FB53BA19E1595100163C4E /* Images.xcassets */,
				90FB53BC19E1595100163C4E /* LaunchScreen.xib */,
				90FB53B219E1595100163C4E /* _9_Red_Balloons.xcdatamodeld */,
				90FB53AE19E1595100163C4E /* Supporting Files */,
			);
			path = "99 Red Balloons";
			sourceTree = "<group>";
		};
		90FB53AE19E1595100163C4E /* Supporting Files */ = {
			isa = PBXGroup;
			children = (
				90FB53AF19E1595100163C4E /* Info.plist */,
			);
			name = "Supporting Files";
			sourceTree = "<group>";
		};
		90FB53C619E1595100163C4E /* 99 Red BalloonsTests */ = {
			isa = PBXGroup;
			children = (
				90FB53C919E1595100163C4E /* _9_Red_BalloonsTests.swift */,
				90FB53C719E1595100163C4E /* Supporting Files */,
			);
			path = "99 Red BalloonsTests";
			sourceTree = "<group>";
		};
		90FB53C719E1595100163C4E /* Supporting Files */ = {
			isa = PBXGroup;
			children = (
				90FB53C819E1595100163C4E /* Info.plist */,
			);
			name = "Supporting Files";
			sourceTree = "<group>";
		};
/* End PBXGroup section */

/* Begin PBXNativeTarget section */
		90FB53AA19E1595100163C4E /* 99 Red Balloons */ = {
			isa = PBXNativeTarget;
			buildConfigurationList = 90FB53CD19E1595100163C4E /* Build configuration list for PBXNativeTarget "99 Red Balloons" */;
			buildPhases = (
				90FB53A719E1595100163C4E /* Sources */,
				90FB53A819E1595100163C4E /* Frameworks */,
				90FB53A919E1595100163C4E /* Resources */,
			);
			buildRules = (
			);
			dependencies = (
			);
			name = "99 Red Balloons";
			productName = "99 Red Balloons";
			productReference = 90FB53AB19E1595100163C4E /* 99 Red Balloons.app */;
			productType = "com.apple.product-type.application";
		};
		90FB53C219E1595100163C4E /* 99 Red BalloonsTests */ = {
			isa = PBXNativeTarget;
			buildConfigurationList = 90FB53D019E1595100163C4E /* Build configuration list for PBXNativeTarget "99 Red BalloonsTests" */;
			buildPhases = (
				90FB53BF19E1595100163C4E /* Sources */,
				90FB53C019E1595100163C4E /* Frameworks */,
				90FB53C119E1595100163C4E /* Resources */,
			);
			buildRules = (
			);
			dependencies = (
				90FB53C519E1595100163C4E /* PBXTargetDependency */,
			);
			name = "99 Red BalloonsTests";
			productName = "99 Red BalloonsTests";
			productReference = 90FB53C319E1595100163C4E /* 99 Red BalloonsTests.xctest */;
			productType = "com.apple.product-type.bundle.unit-test";
		};
/* End PBXNativeTarget section */

/* Begin PBXProject section */
		90FB53A319E1595100163C4E /* Project object */ = {
			isa = PBXProject;
			attributes = {
				LastUpgradeCheck = 0600;
				ORGANIZATIONNAME = "Orestis Salinger";
				TargetAttributes = {
					90FB53AA19E1595100163C4E = {
						CreatedOnToolsVersion = 6.0.1;
					};
					90FB53C219E1595100163C4E = {
						CreatedOnToolsVersion = 6.0.1;
						TestTargetID = 90FB53AA19E1595100163C4E;
					};
				};
			};
			buildConfigurationList = 90FB53A619E1595100163C4E /* Build configuration list for PBXProject "99 Red Balloons" */;
			compatibilityVersion = "Xcode 3.2";
			developmentRegion = English;
			hasScannedForEncodings = 0;
			knownRegions = (
				en,
				Base,
			);
			mainGroup = 90FB53A219E1595100163C4E;
			productRefGroup = 90FB53AC19E1595100163C4E /* Products */;
			projectDirPath = "";
			projectRoot = "";
			targets = (
				90FB53AA19E1595100163C4E /* 99 Red Balloons */,
				90FB53C219E1595100163C4E /* 99 Red BalloonsTests */,
			);
		};
/* End PBXProject section */

/* Begin PBXResourcesBuildPhase section */
		90FB53A919E1595100163C4E /* Resources */ = {
			isa = PBXResourcesBuildPhase;
			buildActionMask = 2147483647;
			files = (
				90FB53B919E1595100163C4E /* Main.storyboard in Resources */,
				90FB53BE19E1595100163C4E /* LaunchScreen.xib in Resources */,
				90FB53BB19E1595100163C4E /* Images.xcassets in Resources */,
			);
			runOnlyForDeploymentPostprocessing = 0;
		};
		90FB53C119E1595100163C4E /* Resources */ = {
			isa = PBXResourcesBuildPhase;
			buildActionMask = 2147483647;
			files = (
			);
			runOnlyForDeploymentPostprocessing = 0;
		};
/* End PBXResourcesBuildPhase section */

/* Begin PBXSourcesBuildPhase section */
		90FB53A719E1595100163C4E /* Sources */ = {
			isa = PBXSourcesBuildPhase;
			buildActionMask = 2147483647;
			files = (
				90FB53B619E1595100163C4E /* ViewController.swift in Sources */,
				90FB53B119E1595100163C4E /* AppDelegate.swift in Sources */,
				90FB53B419E1595100163C4E /* _9_Red_Balloons.xcdatamodeld in Sources */,
			);
			runOnlyForDeploymentPostprocessing = 0;
		};
		90FB53BF19E1595100163C4E /* Sources */ = {
			isa = PBXSourcesBuildPhase;
			buildActionMask = 2147483647;
			files = (
				90FB53CA19E1595100163C4E /* _9_Red_BalloonsTests.swift in Sources */,
			);
			runOnlyForDeploymentPostprocessing = 0;
		};
/* End PBXSourcesBuildPhase section */

/* Begin PBXTargetDependency section */
		90FB53C519E1595100163C4E /* PBXTargetDependency */ = {
			isa = PBXTargetDependency;
			target = 90FB53AA19E1595100163C4E /* 99 Red Balloons */;
			targetProxy = 90FB53C419E1595100163C4E /* PBXContainerItemProxy */;
		};
/* End PBXTargetDependency section */

/* Begin PBXVariantGroup section */
		90FB53B719E1595100163C4E /* Main.storyboard */ = {
			isa = PBXVariantGroup;
			children = (
				90FB53B819E1595100163C4E /* Base */,
			);
			name = Main.storyboard;
			sourceTree = "<group>";
		};
		90FB53BC19E1595100163C4E /* LaunchScreen.xib */ = {
			isa = PBXVariantGroup;
			children = (
				90FB53BD19E1595100163C4E /* Base */,
			);
			name = LaunchScreen.xib;
			sourceTree = "<group>";
		};
/* End PBXVariantGroup section */

/* Begin XCBuildConfiguration section */
		90FB53CB19E1595100163C4E /* Debug */ = {
			isa = XCBuildConfiguration;
			buildSettings = {
				ALWAYS_SEARCH_USER_PATHS = NO;
				CLANG_CXX_LANGUAGE_STANDARD = "gnu++0x";
				CLANG_CXX_LIBRARY = "libc++";
				CLANG_ENABLE_MODULES = YES;
				CLANG_ENABLE_OBJC_ARC = YES;
				CLANG_WARN_BOOL_CONVERSION = YES;
				CLANG_WARN_CONSTANT_CONVERSION = YES;
				CLANG_WARN_DIRECT_OBJC_ISA_USAGE = YES_ERROR;
				CLANG_WARN_EMPTY_BODY = YES;
				CLANG_WARN_ENUM_CONVERSION = YES;
				CLANG_WARN_INT_CONVERSION = YES;
				CLANG_WARN_OBJC_ROOT_CLASS = YES_ERROR;
				CLANG_WARN_UNREACHABLE_CODE = YES;
				CLANG_WARN__DUPLICATE_METHOD_MATCH = YES;
				"CODE_SIGN_IDENTITY[sdk=iphoneos*]" = "iPhone Developer";
				COPY_PHASE_STRIP = NO;
				ENABLE_STRICT_OBJC_MSGSEND = YES;
				GCC_C_LANGUAGE_STANDARD = gnu99;
				GCC_DYNAMIC_NO_PIC = NO;
				GCC_OPTIMIZATION_LEVEL = 0;
				GCC_PREPROCESSOR_DEFINITIONS = (
					"DEBUG=1",
					"$(inherited)",
				);
				GCC_SYMBOLS_PRIVATE_EXTERN = NO;
				GCC_WARN_64_TO_32_BIT_CONVERSION = YES;
				GCC_WARN_ABOUT_RETURN_TYPE = YES_ERROR;
				GCC_WARN_UNDECLARED_SELECTOR = YES;
				GCC_WARN_UNINITIALIZED_AUTOS = YES_AGGRESSIVE;
				GCC_WARN_UNUSED_FUNCTION = YES;
				GCC_WARN_UNUSED_VARIABLE = YES;
				IPHONEOS_DEPLOYMENT_TARGET = 8.0;
				MTL_ENABLE_DEBUG_INFO = YES;
				ONLY_ACTIVE_ARCH = YES;
				SDKROOT = iphoneos;
				SWIFT_OPTIMIZATION_LEVEL = "-Onone";
			};
			name = Debug;
		};
		90FB53CC19E1595100163C4E /* Release */ = {
			isa = XCBuildConfiguration;
			buildSettings = {
				ALWAYS_SEARCH_USER_PATHS = NO;
				CLANG_CXX_LANGUAGE_STANDARD = "gnu++0x";
				CLANG_CXX_LIBRARY = "libc++";
				CLANG_ENABLE_MODULES = YES;
				CLANG_ENABLE_OBJC_ARC = YES;
				CLANG_WARN_BOOL_CONVERSION = YES;
				CLANG_WARN_CONSTANT_CONVERSION = YES;
				CLANG_WARN_DIRECT_OBJC_ISA_USAGE = YES_ERROR;
				CLANG_WARN_EMPTY_BODY = YES;
				CLANG_WARN_ENUM_CONVERSION = YES;
				CLANG_WARN_INT_CONVERSION = YES;
				CLANG_WARN_OBJC_ROOT_CLASS = YES_ERROR;
				CLANG_WARN_UNREACHABLE_CODE = YES;
				CLANG_WARN__DUPLICATE_METHOD_MATCH = YES;
				"CODE_SIGN_IDENTITY[sdk=iphoneos*]" = "iPhone Developer";
				COPY_PHASE_STRIP = YES;
				ENABLE_NS_ASSERTIONS = NO;
				ENABLE_STRICT_OBJC_MSGSEND = YES;
				GCC_C_LANGUAGE_STANDARD = gnu99;
				GCC_WARN_64_TO_32_BIT_CONVERSION = YES;
				GCC_WARN_ABOUT_RETURN_TYPE = YES_ERROR;
				GCC_WARN_UNDECLARED_SELECTOR = YES;
				GCC_WARN_UNINITIALIZED_AUTOS = YES_AGGRESSIVE;
				GCC_WARN_UNUSED_FUNCTION = YES;
				GCC_WARN_UNUSED_VARIABLE = YES;
				IPHONEOS_DEPLOYMENT_TARGET = 8.0;
				MTL_ENABLE_DEBUG_INFO = NO;
				SDKROOT = iphoneos;
				VALIDATE_PRODUCT = YES;
			};
			name = Release;
		};
		90FB53CE19E1595100163C4E /* Debug */ = {
			isa = XCBuildConfiguration;
			buildSettings = {
				ASSETCATALOG_COMPILER_APPICON_NAME = AppIcon;
				INFOPLIST_FILE = "99 Red Balloons/Info.plist";
				LD_RUNPATH_SEARCH_PATHS = "$(inherited) @executable_path/Frameworks";
				PRODUCT_NAME = "$(TARGET_NAME)";
			};
			name = Debug;
		};
		90FB53CF19E1595100163C4E /* Release */ = {
			isa = XCBuildConfiguration;
			buildSettings = {
				ASSETCATALOG_COMPILER_APPICON_NAME = AppIcon;
				INFOPLIST_FILE = "99 Red Balloons/Info.plist";
				LD_RUNPATH_SEARCH_PATHS = "$(inherited) @executable_path/Frameworks";
				PRODUCT_NAME = "$(TARGET_NAME)";
			};
			name = Release;
		};
		90FB53D119E1595100163C4E /* Debug */ = {
			isa = XCBuildConfiguration;
			buildSettings = {
				BUNDLE_LOADER = "$(TEST_HOST)";
				FRAMEWORK_SEARCH_PATHS = (
					"$(SDKROOT)/Developer/Library/Frameworks",
					"$(inherited)",
				);
				GCC_PREPROCESSOR_DEFINITIONS = (
					"DEBUG=1",
					"$(inherited)",
				);
				INFOPLIST_FILE = "99 Red BalloonsTests/Info.plist";
				LD_RUNPATH_SEARCH_PATHS = "$(inherited) @executable_path/Frameworks @loader_path/Frameworks";
				PRODUCT_NAME = "$(TARGET_NAME)";
				TEST_HOST = "$(BUILT_PRODUCTS_DIR)/99 Red Balloons.app/99 Red Balloons";
			};
			name = Debug;
		};
		90FB53D219E1595100163C4E /* Release */ = {
			isa = XCBuildConfiguration;
			buildSettings = {
				BUNDLE_LOADER = "$(TEST_HOST)";
				FRAMEWORK_SEARCH_PATHS = (
					"$(SDKROOT)/Developer/Library/Frameworks",
					"$(inherited)",
				);
				INFOPLIST_FILE = "99 Red BalloonsTests/Info.plist";
				LD_RUNPATH_SEARCH_PATHS = "$(inherited) @executable_path/Frameworks @loader_path/Frameworks";
				PRODUCT_NAME = "$(TARGET_NAME)";
				TEST_HOST = "$(BUILT_PRODUCTS_DIR)/99 Red Balloons.app/99 Red Balloons";
			};
			name = Release;
		};
/* End XCBuildConfiguration section */

/* Begin XCConfigurationList section */
		90FB53A619E1595100163C4E /* Build configuration list for PBXProject "99 Red Balloons" */ = {
			isa = XCConfigurationList;
			buildConfigurations = (
				90FB53CB19E1595100163C4E /* Debug */,
				90FB53CC19E1595100163C4E /* Release */,
			);
			defaultConfigurationIsVisible = 0;
			defaultConfigurationName = Release;
		};
		90FB53CD19E1595100163C4E /* Build configuration list for PBXNativeTarget "99 Red Balloons" */ = {
			isa = XCConfigurationList;
			buildConfigurations = (
				90FB53CE19E1595100163C4E /* Debug */,
				90FB53CF19E1595100163C4E /* Release */,
			);
			defaultConfigurationIsVisible = 0;
		};
		90FB53D019E1595100163C4E /* Build configuration list for PBXNativeTarget "99 Red BalloonsTests" */ = {
			isa = XCConfigurationList;
			buildConfigurations = (
				90FB53D119E1595100163C4E /* Debug */,
				90FB53D219E1595100163C4E /* Release */,
			);
			defaultConfigurationIsVisible = 0;
		};
/* End XCConfigurationList section */

/* Begin XCVersionGroup section */
		90FB53B219E1595100163C4E /* _9_Red_Balloons.xcdatamodeld */ = {
			isa = XCVersionGroup;
			children = (
				90FB53B319E1595100163C4E /* _9_Red_Balloons.xcdatamodel */,
			);
			currentVersion = 90FB53B319E1595100163C4E /* _9_Red_Balloons.xcdatamodel */;
			path = _9_Red_Balloons.xcdatamodeld;
			sourceTree = "<group>";
			versionGroupType = wrapper.xcdatamodel;
		};
/* End XCVersionGroup section */
	};
	rootObject = 90FB53A319E1595100163C4E /* Project object */;
}
